<?xml version="1.0" encoding="utf-8"?>
<Project ToolsVersion="4.0" xmlns="http://schemas.microsoft.com/developer/msbuild/2003">
  <ItemGroup>
    <Filter Include="Header Files">
      <UniqueIdentifier>{21EB8090-0D4E-1035-B6D3-48EBA215DCB7}</UniqueIdentifier>
    </Filter>
    <Filter Include="Source Files">
      <UniqueIdentifier>{E9C7FDCE-D52A-8D73-7EB0-C5296AF258F6}</UniqueIdentifier>
    </Filter>
    <Filter Include="Resources">
      <UniqueIdentifier>{562b1ff9-eed2-4dcd-a1e8-1ab2b7398899}</UniqueIdentifier>
    </Filter>
    <Filter Include="Resources\Files">
      <UniqueIdentifier>{760a0181-b40f-4960-a36e-7aa121c82e1c}</UniqueIdentifier>
    </Filter>
  </ItemGroup>
  <ItemGroup>
    <ClCompile Include="Game.cpp">
      <Filter>Source Files</Filter>
    </ClCompile>
  </ItemGroup>
  <ItemGroup>
    <Image Include="..\resources\2Helicopter.png">
      <Filter>Resources</Filter>
    </Image>
    <Image Include="..\resources\1ProjectileTexture.png">
      <Filter>Resources</Filter>
    </Image>
    <Image Include="..\resources\4Cursor.png">
      <Filter>Resources</Filter>
    </Image>
    <Image Include="..\resources\5Helicopter.png">
      <Filter>Resources</Filter>
    </Image>
    <Image Include="..\resources\3DesertTileset.png">
      <Filter>Resources</Filter>
    </Image>
    <Image Include="..\resources\6Structures.png">
      <Filter>Resources</Filter>
    </Image>
    <Image Include="..\resources\0EnemyTexture.png">
      <Filter>Resources</Filter>
    </Image>
    <Image Include="..\resources\7Prop.png">
      <Filter>Resources</Filter>
    </Image>
    <Image Include="..\resources\8Helicopter.png">
      <Filter>Resources</Filter>
    </Image>
    <Image Include="..\resources\10Enemy.png">
      <Filter>Resources</Filter>
    </Image>
    <Image Include="..\resources\9Enemy.png">
      <Filter>Resources</Filter>
    </Image>
    <Image Include="..\resources\11Map.png">
      <Filter>Resources</Filter>
    </Image>
    <Image Include="..\..\..\..\..\Downloads\12PowerUps.png">
      <Filter>Resources</Filter>
    </Image>
    <Image Include="..\resources\13Blade.png">
      <Filter>Resources</Filter>
    </Image>
    <Image Include="..\resources\14SpawnPoint.png">
      <Filter>Resources</Filter>
    </Image>
  </ItemGroup>
  <ItemGroup>
    <Media Include="..\resources\TestSound.wav">
      <Filter>Resources</Filter>
    </Media>
    <Media Include="..\resources\music.mp3">
      <Filter>Resources</Filter>
    </Media>
    <Media Include="..\resources\bullet.mp3">
      <Filter>Resources</Filter>
    </Media>
    <Media Include="..\resources\death.mp3">
      <Filter>Resources</Filter>
    </Media>
    <Media Include="..\resources\gameover.mp3">
      <Filter>Resources</Filter>
    </Media>
    <Media Include="..\resources\helicopter.mp3">
      <Filter>Resources</Filter>
    </Media>
  </ItemGroup>
  <ItemGroup>
    <Text Include="..\resources\Files\Map.txt">
      <Filter>Resources\Files</Filter>
    </Text>
    <Text Include="..\resources\Files\Settings.txt">
      <Filter>Resources\Files</Filter>
    </Text>
  </ItemGroup>
</Project>